
Microsoft Visual Studio Solution File, Format Version 12.00
# Visual Studio 15
VisualStudioVersion = 15.0.28307.572
MinimumVisualStudioVersion = 10.0.40219.1
Project("{FAE04EC0-301F-11D3-BF4B-00C04F79EFBC}") = "Assignment1_WEB", "Assignment1_WEB\Assignment1_WEB.csproj", "{C6074EBD-0171-41C9-BFEB-8C3BED51AFC3}"
EndProject
Global
	GlobalSection(SolutionConfigurationPlatforms) = preSolution
		Debug|Any CPU = Debug|Any CPU
		Release|Any CPU = Release|Any CPU
	EndGlobalSection
	GlobalSection(ProjectConfigurationPlatforms) = postSolution
		{C6074EBD-0171-41C9-BFEB-8C3BED51AFC3}.Debug|Any CPU.ActiveCfg = Debug|Any CPU
		{C6074EBD-0171-41C9-BFEB-8C3BED51AFC3}.Debug|Any CPU.Build.0 = Debug|Any CPU
		{C6074EBD-0171-41C9-BFEB-8C3BED51AFC3}.Release|Any CPU.ActiveCfg = Release|Any CPU
		{C6074EBD-0171-41C9-BFEB-8C3BED51AFC3}.Release|Any CPU.Build.0 = Release|Any CPU
	EndGlobalSection
	GlobalSection(SolutionProperties) = preSolution
		HideSolutionNode = FALSE
	EndGlobalSection
	GlobalSection(ExtensibilityGlobals) = postSolution
		SolutionGuid = {08B7CE57-7464-411A-98E1-38576DA3F7FA}
	EndGlobalSection
EndGlobal
